
Microsoft Visual Studio Solution File, Format Version 12.00
# Visual Studio 15
VisualStudioVersion = 15.0.28307.572
MinimumVisualStudioVersion = 10.0.40219.1
Project("{8BC9CEB8-8B4A-11D0-8D11-00A0C91BC942}") = "ConsoleApplication1", "ConsoleApplication1.vcxproj", "{65C97204-954F-4668-80AB-E9CF2E4B3DA7}"
EndProject
Global
	GlobalSection(SolutionConfigurationPlatforms) = preSolution
		Debug|x64 = Debug|x64
		Debug|x86 = Debug|x86
		Release|x64 = Release|x64
		Release|x86 = Release|x86
	EndGlobalSection
	GlobalSection(ProjectConfigurationPlatforms) = postSolution
		{65C97204-954F-4668-80AB-E9CF2E4B3DA7}.Debug|x64.ActiveCfg = Debug|x64
		{65C97204-954F-4668-80AB-E9CF2E4B3DA7}.Debug|x64.Build.0 = Debug|x64
		{65C97204-954F-4668-80AB-E9CF2E4B3DA7}.Debug|x86.ActiveCfg = Debug|Win32
		{65C97204-954F-4668-80AB-E9CF2E4B3DA7}.Debug|x86.Build.0 = Debug|Win32
		{65C97204-954F-4668-80AB-E9CF2E4B3DA7}.Release|x64.ActiveCfg = Release|x64
		{65C97204-954F-4668-80AB-E9CF2E4B3DA7}.Release|x64.Build.0 = Release|x64
		{65C97204-954F-4668-80AB-E9CF2E4B3DA7}.Release|x86.ActiveCfg = Release|Win32
		{65C97204-954F-4668-80AB-E9CF2E4B3DA7}.Release|x86.Build.0 = Release|Win32
	EndGlobalSection
	GlobalSection(SolutionProperties) = preSolution
		HideSolutionNode = FALSE
	EndGlobalSection
	GlobalSection(ExtensibilityGlobals) = postSolution
		SolutionGuid = {8CCDBC36-8A58-4FC0-9795-99E3E8C4506E}
	EndGlobalSection
EndGlobal
